
Microsoft Visual Studio Solution File, Format Version 12.00
# Visual Studio Version 16
VisualStudioVersion = 16.0.31004.235
MinimumVisualStudioVersion = 10.0.40219.1
Project("{FAE04EC0-301F-11D3-BF4B-00C04F79EFBC}") = "Umg.Entidades", "Umg.Entidades\Umg.Entidades.csproj", "{AA62A758-9F4A-4CDD-B81E-0823B89CF08A}"
EndProject
Project("{FAE04EC0-301F-11D3-BF4B-00C04F79EFBC}") = "Umg.Datos", "Umg.Datos\Umg.Datos.csproj", "{ADD8DF12-9C1F-4078-8DB7-C9C256BE5BB6}"
EndProject
Project("{FAE04EC0-301F-11D3-BF4B-00C04F79EFBC}") = "Umg.Web", "Umg.Web\Umg.Web.csproj", "{36E08B13-6A02-41CB-A1FA-5E06AEBAA61F}"
EndProject
Global
	GlobalSection(SolutionConfigurationPlatforms) = preSolution
		Debug|Any CPU = Debug|Any CPU
		Release|Any CPU = Release|Any CPU
	EndGlobalSection
	GlobalSection(ProjectConfigurationPlatforms) = postSolution
		{AA62A758-9F4A-4CDD-B81E-0823B89CF08A}.Debug|Any CPU.ActiveCfg = Debug|Any CPU
		{AA62A758-9F4A-4CDD-B81E-0823B89CF08A}.Debug|Any CPU.Build.0 = Debug|Any CPU
		{AA62A758-9F4A-4CDD-B81E-0823B89CF08A}.Release|Any CPU.ActiveCfg = Release|Any CPU
		{AA62A758-9F4A-4CDD-B81E-0823B89CF08A}.Release|Any CPU.Build.0 = Release|Any CPU
		{ADD8DF12-9C1F-4078-8DB7-C9C256BE5BB6}.Debug|Any CPU.ActiveCfg = Debug|Any CPU
		{ADD8DF12-9C1F-4078-8DB7-C9C256BE5BB6}.Debug|Any CPU.Build.0 = Debug|Any CPU
		{ADD8DF12-9C1F-4078-8DB7-C9C256BE5BB6}.Release|Any CPU.ActiveCfg = Release|Any CPU
		{ADD8DF12-9C1F-4078-8DB7-C9C256BE5BB6}.Release|Any CPU.Build.0 = Release|Any CPU
		{36E08B13-6A02-41CB-A1FA-5E06AEBAA61F}.Debug|Any CPU.ActiveCfg = Debug|Any CPU
		{36E08B13-6A02-41CB-A1FA-5E06AEBAA61F}.Debug|Any CPU.Build.0 = Debug|Any CPU
		{36E08B13-6A02-41CB-A1FA-5E06AEBAA61F}.Release|Any CPU.ActiveCfg = Release|Any CPU
		{36E08B13-6A02-41CB-A1FA-5E06AEBAA61F}.Release|Any CPU.Build.0 = Release|Any CPU
	EndGlobalSection
	GlobalSection(SolutionProperties) = preSolution
		HideSolutionNode = FALSE
	EndGlobalSection
	GlobalSection(ExtensibilityGlobals) = postSolution
		SolutionGuid = {DDF1AE76-CD94-41E3-A4E8-C1E9171413A5}
	EndGlobalSection
EndGlobal
